{
  "name": "backend",
  "lockfileVersion": 3,
  "requires": true,
  "packages": {
    "": {
      "dependencies": {
        "execSync": "^1.0.2",
        "node-pty": "^1.0.0",
        "ws": "^8.18.1"
      }
    },
    "node_modules/execSync": {
      "version": "1.0.2",
      "resolved": "https://registry.npmjs.org/execSync/-/execSync-1.0.2.tgz",
      "integrity": "sha512-ul1uCl3e2DLlTl8z8R7OFb9PDXI08YkXbgknWZQCrpQjZh7cpntAzDI6oEqetaWpx+RdySFcxHVyG98CFg2lTQ==",
      "hasInstallScript": true,
      "license": "MIT",
      "dependencies": {
        "temp": "~0.5.1"
      },
      "engines": {
        "node": "*"
      }
    },
    "node_modules/graceful-fs": {
      "version": "1.2.3",
      "resolved": "https://registry.npmjs.org/graceful-fs/-/graceful-fs-1.2.3.tgz",
      "integrity": "sha512-iiTUZ5vZ+2ZV+h71XAgwCSu6+NAizhFU3Yw8aC/hH5SQ3SnISqEqAek40imAFGtDcwJKNhXvSY+hzIolnLwcdQ==",
      "deprecated": "please upgrade to graceful-fs 4 for compatibility with current and future versions of Node.js",
      "license": "BSD",
      "optional": true,
      "engines": {
        "node": ">=0.4.0"
      }
    },
    "node_modules/nan": {
      "version": "2.22.2",
      "resolved": "https://registry.npmjs.org/nan/-/nan-2.22.2.tgz",
      "integrity": "sha512-DANghxFkS1plDdRsX0X9pm0Z6SJNN6gBdtXfanwoZ8hooC5gosGFSBGRYHUVPz1asKA/kMRqDRdHrluZ61SpBQ==",
      "license": "MIT"
    },
    "node_modules/node-pty": {
      "version": "1.0.0",
      "resolved": "https://registry.npmjs.org/node-pty/-/node-pty-1.0.0.tgz",
      "integrity": "sha512-wtBMWWS7dFZm/VgqElrTvtfMq4GzJ6+edFI0Y0zyzygUSZMgZdraDUMUhCIvkjhJjme15qWmbyJbtAx4ot4uZA==",
      "hasInstallScript": true,
      "license": "MIT",
      "dependencies": {
        "nan": "^2.17.0"
      }
    },
    "node_modules/rimraf": {
      "version": "2.1.4",
      "resolved": "https://registry.npmjs.org/rimraf/-/rimraf-2.1.4.tgz",
      "integrity": "sha512-tzwmX16YQhcFu0T/m0gHBcFKx6yQAg77Z6WWaQSJsUekXYa6yaAmHhrDdmFicgauX/er7GsdN+vRao3mBhA4kQ==",
      "deprecated": "Rimraf versions prior to v4 are no longer supported",
      "license": "MIT",
      "optionalDependencies": {
        "graceful-fs": "~1"
      }
    },
    "node_modules/temp": {
      "version": "0.5.1",
      "resolved": "https://registry.npmjs.org/temp/-/temp-0.5.1.tgz",
      "integrity": "sha512-Gwc1QWGkf3f3d0y8wNyC9uvVqAsmVdUMPzdiLJDNVAHhlxZmSWlvVZAk1LmZcBuYcmhvJ0oHDVHksghU3VI/0w==",
      "engines": [
        "node >=0.8.0"
      ],
      "dependencies": {
        "rimraf": "~2.1.4"
      }
    },
    "node_modules/ws": {
      "version": "8.18.1",
      "resolved": "https://registry.npmjs.org/ws/-/ws-8.18.1.tgz",
      "integrity": "sha512-RKW2aJZMXeMxVpnZ6bck+RswznaxmzdULiBr6KY7XkTnW8uvt0iT9H5DkHUChXrc+uurzwa0rVI16n/Xzjdz1w==",
      "license": "MIT",
      "engines": {
        "node": ">=10.0.0"
      },
      "peerDependencies": {
        "bufferutil": "^4.0.1",
        "utf-8-validate": ">=5.0.2"
      },
      "peerDependenciesMeta": {
        "bufferutil": {
          "optional": true
        },
        "utf-8-validate": {
          "optional": true
        }
      }
    }
  }
}
